%{"certifi": {:hex, :certifi, "0.1.1"},
  "combine": {:hex, :combine, "0.5.3"},
  "extwitter": {:git, "https://github.com/parroty/extwitter.git", "96db1b34f4db1e1887c47ae7e3fb8964bac74c69", []},
  "hackney": {:hex, :hackney, "1.4.4"},
  "httpoison": {:hex, :httpoison, "0.8.0"},
  "idna": {:hex, :idna, "1.0.2"},
  "jsex": {:hex, :jsex, "2.0.0"},
  "jsx": {:hex, :jsx, "2.1.1"},
  "mimerl": {:hex, :mimerl, "1.0.0"},
  "oauth": {:git, "https://github.com/tim/erlang-oauth.git", "cd31addc828179983564fd57738f1680a4a4d1ff", []},
  "poison": {:hex, :poison, "1.5.0"},
  "ssl_verify_hostname": {:hex, :ssl_verify_hostname, "1.0.5"},
  "timex": {:hex, :timex, "0.19.5"},
  "tzdata": {:hex, :tzdata, "0.5.4"}}
