%{"extwitter": {:git, "git://github.com/parroty/extwitter.git", "18eddeb8e3dd63293efc48157fb3c9a085d7c855", []},
  "hackney": {:hex, :hackney, "0.14.3"},
  "httpoison": {:hex, :httpoison, "0.5.0"},
  "idna": {:hex, :idna, "1.0.1"},
  "jsex": {:hex, :jsex, "2.0.0"},
  "jsx": {:hex, :jsx, "2.1.1"},
  "oauth": {:git, "git://github.com/tim/erlang-oauth.git", "2ee206ea921722893200a0ad534c6b6130233325", []}}
